
Microsoft Visual Studio Solution File, Format Version 12.00
# Visual Studio Version 16
VisualStudioVersion = 16.0.31702.278
MinimumVisualStudioVersion = 10.0.40219.1
Project("{9A19103F-16F7-4668-BE54-9A1E7A4F7556}") = "ConsoleAppTinkoffApiTest", "ConsoleAppTinkoffApiTest\ConsoleAppTinkoffApiTest.csproj", "{E1D9891C-5E43-4CFC-8AAA-BB687DE7FDDD}"
EndProject
Project("{888888A0-9F3D-457C-B088-3A5042F75D52}") = "PythonApplicationTinkoffApiTest", "PythonApplicationTinkoffApiTest\PythonApplicationTinkoffApiTest.pyproj", "{E042A224-6948-443D-82C5-3C35B73AC682}"
EndProject
Project("{9A19103F-16F7-4668-BE54-9A1E7A4F7556}") = "ConsoleAppAnaliz", "ConsoleAppAnaliz\ConsoleAppAnaliz.csproj", "{853A6F0E-89E0-4439-825A-5C0C57220E79}"
EndProject
Project("{9A19103F-16F7-4668-BE54-9A1E7A4F7556}") = "TinkoffMyConnectionFactory", "TinkoffMyConnectionFactory\TinkoffMyConnectionFactory.csproj", "{3D0F65E5-E9CB-4E0B-8955-ED0099C08FD6}"
EndProject
Project("{9A19103F-16F7-4668-BE54-9A1E7A4F7556}") = "ConsoleAppTest", "ConsoleAppTest\ConsoleAppTest.csproj", "{46F7ECDD-682C-4E3E-8110-C52D4FD25DD1}"
EndProject
Project("{9A19103F-16F7-4668-BE54-9A1E7A4F7556}") = "MyLogger", "MyLogger\MyLogger.csproj", "{6119D6A0-D5D1-4AA8-9875-2A3CD251D324}"
EndProject
Project("{9A19103F-16F7-4668-BE54-9A1E7A4F7556}") = "MySaver", "MySaver\MySaver.csproj", "{6B18F3AC-2A56-43A6-AD84-47329120047D}"
EndProject
Project("{9A19103F-16F7-4668-BE54-9A1E7A4F7556}") = "ConsoleColorFormat", "ConsoleColorFormat\ConsoleColorFormat.csproj", "{5E466B1A-F292-4642-9F3C-95F6A1496434}"
EndProject
Project("{2150E333-8FDC-42A3-9474-1A3956D46DE8}") = "TestDB", "TestDB", "{B362F6BA-FDF8-40D4-9FDA-3C6CB02284AD}"
EndProject
Project("{FAE04EC0-301F-11D3-BF4B-00C04F79EFBC}") = "ConsoleAppTestDBEnyity", "ConsoleAppTestDBEnyity\ConsoleAppTestDBEnyity.csproj", "{3EA72BC0-B4B2-4B7B-82D1-804F1900CCA3}"
EndProject
Global
	GlobalSection(SolutionConfigurationPlatforms) = preSolution
		Debug|Any CPU = Debug|Any CPU
		Release|Any CPU = Release|Any CPU
	EndGlobalSection
	GlobalSection(ProjectConfigurationPlatforms) = postSolution
		{E1D9891C-5E43-4CFC-8AAA-BB687DE7FDDD}.Debug|Any CPU.ActiveCfg = Debug|Any CPU
		{E1D9891C-5E43-4CFC-8AAA-BB687DE7FDDD}.Debug|Any CPU.Build.0 = Debug|Any CPU
		{E1D9891C-5E43-4CFC-8AAA-BB687DE7FDDD}.Release|Any CPU.ActiveCfg = Release|Any CPU
		{E1D9891C-5E43-4CFC-8AAA-BB687DE7FDDD}.Release|Any CPU.Build.0 = Release|Any CPU
		{E042A224-6948-443D-82C5-3C35B73AC682}.Debug|Any CPU.ActiveCfg = Debug|Any CPU
		{E042A224-6948-443D-82C5-3C35B73AC682}.Release|Any CPU.ActiveCfg = Release|Any CPU
		{853A6F0E-89E0-4439-825A-5C0C57220E79}.Debug|Any CPU.ActiveCfg = Debug|Any CPU
		{853A6F0E-89E0-4439-825A-5C0C57220E79}.Debug|Any CPU.Build.0 = Debug|Any CPU
		{853A6F0E-89E0-4439-825A-5C0C57220E79}.Release|Any CPU.ActiveCfg = Release|Any CPU
		{853A6F0E-89E0-4439-825A-5C0C57220E79}.Release|Any CPU.Build.0 = Release|Any CPU
		{3D0F65E5-E9CB-4E0B-8955-ED0099C08FD6}.Debug|Any CPU.ActiveCfg = Debug|Any CPU
		{3D0F65E5-E9CB-4E0B-8955-ED0099C08FD6}.Debug|Any CPU.Build.0 = Debug|Any CPU
		{3D0F65E5-E9CB-4E0B-8955-ED0099C08FD6}.Release|Any CPU.ActiveCfg = Release|Any CPU
		{3D0F65E5-E9CB-4E0B-8955-ED0099C08FD6}.Release|Any CPU.Build.0 = Release|Any CPU
		{46F7ECDD-682C-4E3E-8110-C52D4FD25DD1}.Debug|Any CPU.ActiveCfg = Debug|Any CPU
		{46F7ECDD-682C-4E3E-8110-C52D4FD25DD1}.Debug|Any CPU.Build.0 = Debug|Any CPU
		{46F7ECDD-682C-4E3E-8110-C52D4FD25DD1}.Release|Any CPU.ActiveCfg = Release|Any CPU
		{46F7ECDD-682C-4E3E-8110-C52D4FD25DD1}.Release|Any CPU.Build.0 = Release|Any CPU
		{6119D6A0-D5D1-4AA8-9875-2A3CD251D324}.Debug|Any CPU.ActiveCfg = Debug|Any CPU
		{6119D6A0-D5D1-4AA8-9875-2A3CD251D324}.Debug|Any CPU.Build.0 = Debug|Any CPU
		{6119D6A0-D5D1-4AA8-9875-2A3CD251D324}.Release|Any CPU.ActiveCfg = Release|Any CPU
		{6119D6A0-D5D1-4AA8-9875-2A3CD251D324}.Release|Any CPU.Build.0 = Release|Any CPU
		{6B18F3AC-2A56-43A6-AD84-47329120047D}.Debug|Any CPU.ActiveCfg = Debug|Any CPU
		{6B18F3AC-2A56-43A6-AD84-47329120047D}.Debug|Any CPU.Build.0 = Debug|Any CPU
		{6B18F3AC-2A56-43A6-AD84-47329120047D}.Release|Any CPU.ActiveCfg = Release|Any CPU
		{6B18F3AC-2A56-43A6-AD84-47329120047D}.Release|Any CPU.Build.0 = Release|Any CPU
		{5E466B1A-F292-4642-9F3C-95F6A1496434}.Debug|Any CPU.ActiveCfg = Debug|Any CPU
		{5E466B1A-F292-4642-9F3C-95F6A1496434}.Debug|Any CPU.Build.0 = Debug|Any CPU
		{5E466B1A-F292-4642-9F3C-95F6A1496434}.Release|Any CPU.ActiveCfg = Release|Any CPU
		{5E466B1A-F292-4642-9F3C-95F6A1496434}.Release|Any CPU.Build.0 = Release|Any CPU
		{3EA72BC0-B4B2-4B7B-82D1-804F1900CCA3}.Debug|Any CPU.ActiveCfg = Debug|Any CPU
		{3EA72BC0-B4B2-4B7B-82D1-804F1900CCA3}.Debug|Any CPU.Build.0 = Debug|Any CPU
		{3EA72BC0-B4B2-4B7B-82D1-804F1900CCA3}.Release|Any CPU.ActiveCfg = Release|Any CPU
		{3EA72BC0-B4B2-4B7B-82D1-804F1900CCA3}.Release|Any CPU.Build.0 = Release|Any CPU
	EndGlobalSection
	GlobalSection(SolutionProperties) = preSolution
		HideSolutionNode = FALSE
	EndGlobalSection
	GlobalSection(NestedProjects) = preSolution
		{3EA72BC0-B4B2-4B7B-82D1-804F1900CCA3} = {B362F6BA-FDF8-40D4-9FDA-3C6CB02284AD}
	EndGlobalSection
	GlobalSection(ExtensibilityGlobals) = postSolution
		SolutionGuid = {7014ACCB-0CBE-45EE-9B8D-7857618FE319}
	EndGlobalSection
EndGlobal
