
Microsoft Visual Studio Solution File, Format Version 12.00
# Visual Studio Version 16
VisualStudioVersion = 16.0.31702.278
MinimumVisualStudioVersion = 10.0.40219.1
Project("{9A19103F-16F7-4668-BE54-9A1E7A4F7556}") = "ConsoleAppAnaliz", "ConsoleAppAnaliz\ConsoleAppAnaliz.csproj", "{853A6F0E-89E0-4439-825A-5C0C57220E79}"
EndProject
Project("{9A19103F-16F7-4668-BE54-9A1E7A4F7556}") = "TinkoffMyConnectionFactory", "TinkoffMyConnectionFactory\TinkoffMyConnectionFactory.csproj", "{3D0F65E5-E9CB-4E0B-8955-ED0099C08FD6}"
EndProject
Project("{9A19103F-16F7-4668-BE54-9A1E7A4F7556}") = "ConsoleAppTest", "ConsoleAppTest\ConsoleAppTest.csproj", "{46F7ECDD-682C-4E3E-8110-C52D4FD25DD1}"
EndProject
Project("{9A19103F-16F7-4668-BE54-9A1E7A4F7556}") = "MyLogger", "MyLogger\MyLogger.csproj", "{6119D6A0-D5D1-4AA8-9875-2A3CD251D324}"
EndProject
Project("{9A19103F-16F7-4668-BE54-9A1E7A4F7556}") = "MySaver", "MySaver\MySaver.csproj", "{6B18F3AC-2A56-43A6-AD84-47329120047D}"
EndProject
Project("{9A19103F-16F7-4668-BE54-9A1E7A4F7556}") = "ConsoleColorFormat", "ConsoleColorFormat\ConsoleColorFormat.csproj", "{5E466B1A-F292-4642-9F3C-95F6A1496434}"
EndProject
Project("{2150E333-8FDC-42A3-9474-1A3956D46DE8}") = "TestDB", "TestDB", "{B362F6BA-FDF8-40D4-9FDA-3C6CB02284AD}"
EndProject
Project("{9A19103F-16F7-4668-BE54-9A1E7A4F7556}") = "ConsoleAppTestDBEnyity", "ConsoleAppTestDBEnyity\ConsoleAppTestDBEnyity.csproj", "{3EA72BC0-B4B2-4B7B-82D1-804F1900CCA3}"
EndProject
Project("{9A19103F-16F7-4668-BE54-9A1E7A4F7556}") = "DBTinkoff", "DBTinkoff\DBTinkoff.csproj", "{A688622F-3434-45A2-9182-9A3F70B52FF4}"
EndProject
Project("{9A19103F-16F7-4668-BE54-9A1E7A4F7556}") = "DBTinkoffEntities", "DBTinkoffEntities\DBTinkoffEntities.csproj", "{53CB6437-C49F-4B1F-9B7B-4B614DB91ACB}"
EndProject
Project("{9A19103F-16F7-4668-BE54-9A1E7A4F7556}") = "TestProject", "TestProject\TestProject.csproj", "{85043EC9-A89D-422E-8FE0-E5C00C9D8708}"
EndProject
Project("{9A19103F-16F7-4668-BE54-9A1E7A4F7556}") = "Filter", "Filter\Filter.csproj", "{547D8549-72E1-4832-886E-89FB52D88E25}"
EndProject
Project("{9A19103F-16F7-4668-BE54-9A1E7A4F7556}") = "ExtensionPlugins", "ExtensionPlugins\ExtensionPlugins.csproj", "{8F09DDC4-235A-471F-A2C8-DD771167CED6}"
EndProject
Project("{9A19103F-16F7-4668-BE54-9A1E7A4F7556}") = "Filter.Union", "Filter.Union\Filter.Union.csproj", "{C067096D-C979-411D-A1A2-6A6DE8C17433}"
EndProject
Project("{9A19103F-16F7-4668-BE54-9A1E7A4F7556}") = "NamedRegistrarDependency", "NamedRegistrarDependency\NamedRegistrarDependency.csproj", "{2FE1E38F-405D-4DFB-80B9-EBF216864C1E}"
EndProject
Project("{9A19103F-16F7-4668-BE54-9A1E7A4F7556}") = "Filter.WebDownLoad", "Filter.WebDownLoad\Filter.WebDownLoad.csproj", "{32D150C2-C378-472F-99D1-6580E6095000}"
EndProject
Global
	GlobalSection(SolutionConfigurationPlatforms) = preSolution
		Debug|Any CPU = Debug|Any CPU
		Release|Any CPU = Release|Any CPU
	EndGlobalSection
	GlobalSection(ProjectConfigurationPlatforms) = postSolution
		{853A6F0E-89E0-4439-825A-5C0C57220E79}.Debug|Any CPU.ActiveCfg = Debug|Any CPU
		{853A6F0E-89E0-4439-825A-5C0C57220E79}.Debug|Any CPU.Build.0 = Debug|Any CPU
		{853A6F0E-89E0-4439-825A-5C0C57220E79}.Release|Any CPU.ActiveCfg = Release|Any CPU
		{853A6F0E-89E0-4439-825A-5C0C57220E79}.Release|Any CPU.Build.0 = Release|Any CPU
		{3D0F65E5-E9CB-4E0B-8955-ED0099C08FD6}.Debug|Any CPU.ActiveCfg = Debug|Any CPU
		{3D0F65E5-E9CB-4E0B-8955-ED0099C08FD6}.Debug|Any CPU.Build.0 = Debug|Any CPU
		{3D0F65E5-E9CB-4E0B-8955-ED0099C08FD6}.Release|Any CPU.ActiveCfg = Release|Any CPU
		{3D0F65E5-E9CB-4E0B-8955-ED0099C08FD6}.Release|Any CPU.Build.0 = Release|Any CPU
		{46F7ECDD-682C-4E3E-8110-C52D4FD25DD1}.Debug|Any CPU.ActiveCfg = Debug|Any CPU
		{46F7ECDD-682C-4E3E-8110-C52D4FD25DD1}.Debug|Any CPU.Build.0 = Debug|Any CPU
		{46F7ECDD-682C-4E3E-8110-C52D4FD25DD1}.Release|Any CPU.ActiveCfg = Release|Any CPU
		{46F7ECDD-682C-4E3E-8110-C52D4FD25DD1}.Release|Any CPU.Build.0 = Release|Any CPU
		{6119D6A0-D5D1-4AA8-9875-2A3CD251D324}.Debug|Any CPU.ActiveCfg = Debug|Any CPU
		{6119D6A0-D5D1-4AA8-9875-2A3CD251D324}.Debug|Any CPU.Build.0 = Debug|Any CPU
		{6119D6A0-D5D1-4AA8-9875-2A3CD251D324}.Release|Any CPU.ActiveCfg = Release|Any CPU
		{6119D6A0-D5D1-4AA8-9875-2A3CD251D324}.Release|Any CPU.Build.0 = Release|Any CPU
		{6B18F3AC-2A56-43A6-AD84-47329120047D}.Debug|Any CPU.ActiveCfg = Debug|Any CPU
		{6B18F3AC-2A56-43A6-AD84-47329120047D}.Debug|Any CPU.Build.0 = Debug|Any CPU
		{6B18F3AC-2A56-43A6-AD84-47329120047D}.Release|Any CPU.ActiveCfg = Release|Any CPU
		{6B18F3AC-2A56-43A6-AD84-47329120047D}.Release|Any CPU.Build.0 = Release|Any CPU
		{5E466B1A-F292-4642-9F3C-95F6A1496434}.Debug|Any CPU.ActiveCfg = Debug|Any CPU
		{5E466B1A-F292-4642-9F3C-95F6A1496434}.Debug|Any CPU.Build.0 = Debug|Any CPU
		{5E466B1A-F292-4642-9F3C-95F6A1496434}.Release|Any CPU.ActiveCfg = Release|Any CPU
		{5E466B1A-F292-4642-9F3C-95F6A1496434}.Release|Any CPU.Build.0 = Release|Any CPU
		{3EA72BC0-B4B2-4B7B-82D1-804F1900CCA3}.Debug|Any CPU.ActiveCfg = Debug|Any CPU
		{3EA72BC0-B4B2-4B7B-82D1-804F1900CCA3}.Debug|Any CPU.Build.0 = Debug|Any CPU
		{3EA72BC0-B4B2-4B7B-82D1-804F1900CCA3}.Release|Any CPU.ActiveCfg = Release|Any CPU
		{3EA72BC0-B4B2-4B7B-82D1-804F1900CCA3}.Release|Any CPU.Build.0 = Release|Any CPU
		{A688622F-3434-45A2-9182-9A3F70B52FF4}.Debug|Any CPU.ActiveCfg = Debug|Any CPU
		{A688622F-3434-45A2-9182-9A3F70B52FF4}.Debug|Any CPU.Build.0 = Debug|Any CPU
		{A688622F-3434-45A2-9182-9A3F70B52FF4}.Release|Any CPU.ActiveCfg = Release|Any CPU
		{A688622F-3434-45A2-9182-9A3F70B52FF4}.Release|Any CPU.Build.0 = Release|Any CPU
		{53CB6437-C49F-4B1F-9B7B-4B614DB91ACB}.Debug|Any CPU.ActiveCfg = Debug|Any CPU
		{53CB6437-C49F-4B1F-9B7B-4B614DB91ACB}.Debug|Any CPU.Build.0 = Debug|Any CPU
		{53CB6437-C49F-4B1F-9B7B-4B614DB91ACB}.Release|Any CPU.ActiveCfg = Release|Any CPU
		{53CB6437-C49F-4B1F-9B7B-4B614DB91ACB}.Release|Any CPU.Build.0 = Release|Any CPU
		{85043EC9-A89D-422E-8FE0-E5C00C9D8708}.Debug|Any CPU.ActiveCfg = Debug|Any CPU
		{85043EC9-A89D-422E-8FE0-E5C00C9D8708}.Debug|Any CPU.Build.0 = Debug|Any CPU
		{85043EC9-A89D-422E-8FE0-E5C00C9D8708}.Release|Any CPU.ActiveCfg = Release|Any CPU
		{85043EC9-A89D-422E-8FE0-E5C00C9D8708}.Release|Any CPU.Build.0 = Release|Any CPU
		{547D8549-72E1-4832-886E-89FB52D88E25}.Debug|Any CPU.ActiveCfg = Debug|Any CPU
		{547D8549-72E1-4832-886E-89FB52D88E25}.Debug|Any CPU.Build.0 = Debug|Any CPU
		{547D8549-72E1-4832-886E-89FB52D88E25}.Release|Any CPU.ActiveCfg = Release|Any CPU
		{547D8549-72E1-4832-886E-89FB52D88E25}.Release|Any CPU.Build.0 = Release|Any CPU
		{8F09DDC4-235A-471F-A2C8-DD771167CED6}.Debug|Any CPU.ActiveCfg = Debug|Any CPU
		{8F09DDC4-235A-471F-A2C8-DD771167CED6}.Debug|Any CPU.Build.0 = Debug|Any CPU
		{8F09DDC4-235A-471F-A2C8-DD771167CED6}.Release|Any CPU.ActiveCfg = Release|Any CPU
		{8F09DDC4-235A-471F-A2C8-DD771167CED6}.Release|Any CPU.Build.0 = Release|Any CPU
		{C067096D-C979-411D-A1A2-6A6DE8C17433}.Debug|Any CPU.ActiveCfg = Debug|Any CPU
		{C067096D-C979-411D-A1A2-6A6DE8C17433}.Debug|Any CPU.Build.0 = Debug|Any CPU
		{C067096D-C979-411D-A1A2-6A6DE8C17433}.Release|Any CPU.ActiveCfg = Release|Any CPU
		{C067096D-C979-411D-A1A2-6A6DE8C17433}.Release|Any CPU.Build.0 = Release|Any CPU
		{2FE1E38F-405D-4DFB-80B9-EBF216864C1E}.Debug|Any CPU.ActiveCfg = Debug|Any CPU
		{2FE1E38F-405D-4DFB-80B9-EBF216864C1E}.Debug|Any CPU.Build.0 = Debug|Any CPU
		{2FE1E38F-405D-4DFB-80B9-EBF216864C1E}.Release|Any CPU.ActiveCfg = Release|Any CPU
		{2FE1E38F-405D-4DFB-80B9-EBF216864C1E}.Release|Any CPU.Build.0 = Release|Any CPU
		{32D150C2-C378-472F-99D1-6580E6095000}.Debug|Any CPU.ActiveCfg = Realease.Without_pdb_in_PluginsCatalog|Any CPU
		{32D150C2-C378-472F-99D1-6580E6095000}.Debug|Any CPU.Build.0 = Realease.Without_pdb_in_PluginsCatalog|Any CPU
		{32D150C2-C378-472F-99D1-6580E6095000}.Release|Any CPU.ActiveCfg = Realease.Without_pdb_in_PluginsCatalog|Any CPU
		{32D150C2-C378-472F-99D1-6580E6095000}.Release|Any CPU.Build.0 = Realease.Without_pdb_in_PluginsCatalog|Any CPU
	EndGlobalSection
	GlobalSection(SolutionProperties) = preSolution
		HideSolutionNode = FALSE
	EndGlobalSection
	GlobalSection(NestedProjects) = preSolution
		{3EA72BC0-B4B2-4B7B-82D1-804F1900CCA3} = {B362F6BA-FDF8-40D4-9FDA-3C6CB02284AD}
	EndGlobalSection
	GlobalSection(ExtensibilityGlobals) = postSolution
		SolutionGuid = {7014ACCB-0CBE-45EE-9B8D-7857618FE319}
	EndGlobalSection
EndGlobal
